
Microsoft Visual Studio Solution File, Format Version 12.00
# Visual Studio 15
Project("{FAE04EC0-301F-11D3-BF4B-00C04F79EFBC}") = "Assembly-CSharp", "Assembly-CSharp.csproj", "{E806057E-44A9-A297-CD20-E1A13141CB84}"
EndProject
Project("{FAE04EC0-301F-11D3-BF4B-00C04F79EFBC}") = "Assembly-CSharp-Editor", "Assembly-CSharp-Editor.csproj", "{AB8AD5A7-2F9C-8342-E936-4A5D4BED9DF6}"
EndProject
Global
	GlobalSection(SolutionConfigurationPlatforms) = preSolution
		Debug|Any CPU = Debug|Any CPU
		Release|Any CPU = Release|Any CPU
	EndGlobalSection
	GlobalSection(ProjectConfigurationPlatforms) = postSolution
		{E806057E-44A9-A297-CD20-E1A13141CB84}.Debug|Any CPU.ActiveCfg = Debug|Any CPU
		{E806057E-44A9-A297-CD20-E1A13141CB84}.Debug|Any CPU.Build.0 = Debug|Any CPU
		{E806057E-44A9-A297-CD20-E1A13141CB84}.Release|Any CPU.ActiveCfg = Release|Any CPU
		{E806057E-44A9-A297-CD20-E1A13141CB84}.Release|Any CPU.Build.0 = Release|Any CPU
		{AB8AD5A7-2F9C-8342-E936-4A5D4BED9DF6}.Debug|Any CPU.ActiveCfg = Debug|Any CPU
		{AB8AD5A7-2F9C-8342-E936-4A5D4BED9DF6}.Debug|Any CPU.Build.0 = Debug|Any CPU
		{AB8AD5A7-2F9C-8342-E936-4A5D4BED9DF6}.Release|Any CPU.ActiveCfg = Release|Any CPU
		{AB8AD5A7-2F9C-8342-E936-4A5D4BED9DF6}.Release|Any CPU.Build.0 = Release|Any CPU
	EndGlobalSection
	GlobalSection(SolutionProperties) = preSolution
		HideSolutionNode = FALSE
	EndGlobalSection
EndGlobal
